// !$*UTF8*$!
{
	archiveVersion = 1;
	classes = {
	};
	objectVersion = 51;
	objects = {

/* Begin PBXBuildFile section */
		4FB9375225888765006463E4 /* AppDelegate.swift in Sources */ = {isa = PBXBuildFile; fileRef = 4FB9375125888765006463E4 /* AppDelegate.swift */; };
		4FB9375425888765006463E4 /* SceneDelegate.swift in Sources */ = {isa = PBXBuildFile; fileRef = 4FB9375325888765006463E4 /* SceneDelegate.swift */; };
		4FB9375625888765006463E4 /* ContentView.swift in Sources */ = {isa = PBXBuildFile; fileRef = 4FB9375525888765006463E4 /* ContentView.swift */; };
		4FB9375825888767006463E4 /* Assets.xcassets in Resources */ = {isa = PBXBuildFile; fileRef = 4FB9375725888767006463E4 /* Assets.xcassets */; };
		4FB9375B25888767006463E4 /* Preview Assets.xcassets in Resources */ = {isa = PBXBuildFile; fileRef = 4FB9375A25888767006463E4 /* Preview Assets.xcassets */; };
		4FB9375E25888767006463E4 /* LaunchScreen.storyboard in Resources */ = {isa = PBXBuildFile; fileRef = 4FB9375C25888767006463E4 /* LaunchScreen.storyboard */; };
		4FB9376925888767006463E4 /* NetworkTeTests.swift in Sources */ = {isa = PBXBuildFile; fileRef = 4FB9376825888767006463E4 /* NetworkTeTests.swift */; };
		4FB9377425888767006463E4 /* NetworkTeUITests.swift in Sources */ = {isa = PBXBuildFile; fileRef = 4FB9377325888767006463E4 /* NetworkTeUITests.swift */; };
		4FB937822588C70D006463E4 /* DataT.swift in Sources */ = {isa = PBXBuildFile; fileRef = 4FB937812588C70D006463E4 /* DataT.swift */; };
		4FB937842589DCF5006463E4 /* Network.swift in Sources */ = {isa = PBXBuildFile; fileRef = 4FB937832589DCF5006463E4 /* Network.swift */; };
		4FB937862589E6A9006463E4 /* RequestAlertPlugin.swift in Sources */ = {isa = PBXBuildFile; fileRef = 4FB937852589E6A9006463E4 /* RequestAlertPlugin.swift */; };
		4FB937882589FB99006463E4 /* TokenS.swift in Sources */ = {isa = PBXBuildFile; fileRef = 4FB937872589FB99006463E4 /* TokenS.swift */; };
		4FB9378A258A01C0006463E4 /* YShareApiProvider.swift in Sources */ = {isa = PBXBuildFile; fileRef = 4FB93789258A01C0006463E4 /* YShareApiProvider.swift */; };
		4FB9378C258A030A006463E4 /* RequestLoadingPlugin.swift in Sources */ = {isa = PBXBuildFile; fileRef = 4FB9378B258A030A006463E4 /* RequestLoadingPlugin.swift */; };
		4FB9378E258A134A006463E4 /* MusicData.swift in Sources */ = {isa = PBXBuildFile; fileRef = 4FB9378D258A134A006463E4 /* MusicData.swift */; };
		4FB93790258A1614006463E4 /* LandmarkRow.swift in Sources */ = {isa = PBXBuildFile; fileRef = 4FB9378F258A1614006463E4 /* LandmarkRow.swift */; };
		4FB93792258A16E5006463E4 /* LandmarkList.swift in Sources */ = {isa = PBXBuildFile; fileRef = 4FB93791258A16E5006463E4 /* LandmarkList.swift */; };
		4FB93794258A176C006463E4 /* MusicLoadManager.swift in Sources */ = {isa = PBXBuildFile; fileRef = 4FB93793258A176C006463E4 /* MusicLoadManager.swift */; };
		4FB93796258B3161006463E4 /* MusicDataStrc.swift in Sources */ = {isa = PBXBuildFile; fileRef = 4FB93795258B3161006463E4 /* MusicDataStrc.swift */; };
		4FB93798258B4AEC006463E4 /* LandmarkRowMu.swift in Sources */ = {isa = PBXBuildFile; fileRef = 4FB93797258B4AEC006463E4 /* LandmarkRowMu.swift */; };
		4FB9379B258B5E86006463E4 /* BaseResponse.swift in Sources */ = {isa = PBXBuildFile; fileRef = 4FB9379A258B5E86006463E4 /* BaseResponse.swift */; };
		4FB9379D258C57BE006463E4 /* MusicModelHandJ.swift in Sources */ = {isa = PBXBuildFile; fileRef = 4FB9379C258C57BE006463E4 /* MusicModelHandJ.swift */; };
		4FB9379F258C7DF7006463E4 /* NetRequest.swift in Sources */ = {isa = PBXBuildFile; fileRef = 4FB9379E258C7DF7006463E4 /* NetRequest.swift */; };
		4FB937A1258C7ED7006463E4 /* LoginProvider.swift in Sources */ = {isa = PBXBuildFile; fileRef = 4FB937A0258C7ED7006463E4 /* LoginProvider.swift */; };
		59CB498460A8065B3D71C548 /* Pods_NetworkTeTests.framework in Frameworks */ = {isa = PBXBuildFile; fileRef = F847D6197D93B97A32F28A90 /* Pods_NetworkTeTests.framework */; };
		97B0E57DD34D48EF6023ECA7 /* Pods_NetworkTe_NetworkTeUITests.framework in Frameworks */ = {isa = PBXBuildFile; fileRef = F9D78FF662C2CB80EBB9D29D /* Pods_NetworkTe_NetworkTeUITests.framework */; };
		998D886A20F4AB90AEB8AD3F /* Pods_NetworkTe.framework in Frameworks */ = {isa = PBXBuildFile; fileRef = 36F23F0C643F7893DDE3DE57 /* Pods_NetworkTe.framework */; };
/* End PBXBuildFile section */

/* Begin PBXContainerItemProxy section */
		4FB9376525888767006463E4 /* PBXContainerItemProxy */ = {
			isa = PBXContainerItemProxy;
			containerPortal = 4FB9374625888765006463E4 /* Project object */;
			proxyType = 1;
			remoteGlobalIDString = 4FB9374D25888765006463E4;
			remoteInfo = NetworkTe;
		};
		4FB9377025888767006463E4 /* PBXContainerItemProxy */ = {
			isa = PBXContainerItemProxy;
			containerPortal = 4FB9374625888765006463E4 /* Project object */;
			proxyType = 1;
			remoteGlobalIDString = 4FB9374D25888765006463E4;
			remoteInfo = NetworkTe;
		};
/* End PBXContainerItemProxy section */

/* Begin PBXFileReference section */
		03BE0E8942CB81FDC506EC24 /* Pods-NetworkTeTests.debug.xcconfig */ = {isa = PBXFileReference; includeInIndex = 1; lastKnownFileType = text.xcconfig; name = "Pods-NetworkTeTests.debug.xcconfig"; path = "Target Support Files/Pods-NetworkTeTests/Pods-NetworkTeTests.debug.xcconfig"; sourceTree = "<group>"; };
		26B8661EE8DF4EF29ECF06D6 /* Pods-NetworkTeTests.release.xcconfig */ = {isa = PBXFileReference; includeInIndex = 1; lastKnownFileType = text.xcconfig; name = "Pods-NetworkTeTests.release.xcconfig"; path = "Target Support Files/Pods-NetworkTeTests/Pods-NetworkTeTests.release.xcconfig"; sourceTree = "<group>"; };
		36F23F0C643F7893DDE3DE57 /* Pods_NetworkTe.framework */ = {isa = PBXFileReference; explicitFileType = wrapper.framework; includeInIndex = 0; path = Pods_NetworkTe.framework; sourceTree = BUILT_PRODUCTS_DIR; };
		43EE78E8B336F8184973B6F6 /* Pods-NetworkTe.release.xcconfig */ = {isa = PBXFileReference; includeInIndex = 1; lastKnownFileType = text.xcconfig; name = "Pods-NetworkTe.release.xcconfig"; path = "Target Support Files/Pods-NetworkTe/Pods-NetworkTe.release.xcconfig"; sourceTree = "<group>"; };
		4FB9374E25888765006463E4 /* NetworkTe.app */ = {isa = PBXFileReference; explicitFileType = wrapper.application; includeInIndex = 0; path = NetworkTe.app; sourceTree = BUILT_PRODUCTS_DIR; };
		4FB9375125888765006463E4 /* AppDelegate.swift */ = {isa = PBXFileReference; lastKnownFileType = sourcecode.swift; path = AppDelegate.swift; sourceTree = "<group>"; };
		4FB9375325888765006463E4 /* SceneDelegate.swift */ = {isa = PBXFileReference; lastKnownFileType = sourcecode.swift; path = SceneDelegate.swift; sourceTree = "<group>"; };
		4FB9375525888765006463E4 /* ContentView.swift */ = {isa = PBXFileReference; lastKnownFileType = sourcecode.swift; path = ContentView.swift; sourceTree = "<group>"; };
		4FB9375725888767006463E4 /* Assets.xcassets */ = {isa = PBXFileReference; lastKnownFileType = folder.assetcatalog; path = Assets.xcassets; sourceTree = "<group>"; };
		4FB9375A25888767006463E4 /* Preview Assets.xcassets */ = {isa = PBXFileReference; lastKnownFileType = folder.assetcatalog; path = "Preview Assets.xcassets"; sourceTree = "<group>"; };
		4FB9375D25888767006463E4 /* Base */ = {isa = PBXFileReference; lastKnownFileType = file.storyboard; name = Base; path = Base.lproj/LaunchScreen.storyboard; sourceTree = "<group>"; };
		4FB9375F25888767006463E4 /* Info.plist */ = {isa = PBXFileReference; lastKnownFileType = text.plist.xml; path = Info.plist; sourceTree = "<group>"; };
		4FB9376425888767006463E4 /* NetworkTeTests.xctest */ = {isa = PBXFileReference; explicitFileType = wrapper.cfbundle; includeInIndex = 0; path = NetworkTeTests.xctest; sourceTree = BUILT_PRODUCTS_DIR; };
		4FB9376825888767006463E4 /* NetworkTeTests.swift */ = {isa = PBXFileReference; lastKnownFileType = sourcecode.swift; path = NetworkTeTests.swift; sourceTree = "<group>"; };
		4FB9376A25888767006463E4 /* Info.plist */ = {isa = PBXFileReference; lastKnownFileType = text.plist.xml; path = Info.plist; sourceTree = "<group>"; };
		4FB9376F25888767006463E4 /* NetworkTeUITests.xctest */ = {isa = PBXFileReference; explicitFileType = wrapper.cfbundle; includeInIndex = 0; path = NetworkTeUITests.xctest; sourceTree = BUILT_PRODUCTS_DIR; };
		4FB9377325888767006463E4 /* NetworkTeUITests.swift */ = {isa = PBXFileReference; lastKnownFileType = sourcecode.swift; path = NetworkTeUITests.swift; sourceTree = "<group>"; };
		4FB9377525888767006463E4 /* Info.plist */ = {isa = PBXFileReference; lastKnownFileType = text.plist.xml; path = Info.plist; sourceTree = "<group>"; };
		4FB937812588C70D006463E4 /* DataT.swift */ = {isa = PBXFileReference; lastKnownFileType = sourcecode.swift; path = DataT.swift; sourceTree = "<group>"; };
		4FB937832589DCF5006463E4 /* Network.swift */ = {isa = PBXFileReference; lastKnownFileType = sourcecode.swift; path = Network.swift; sourceTree = "<group>"; };
		4FB937852589E6A9006463E4 /* RequestAlertPlugin.swift */ = {isa = PBXFileReference; lastKnownFileType = sourcecode.swift; path = RequestAlertPlugin.swift; sourceTree = "<group>"; };
		4FB937872589FB99006463E4 /* TokenS.swift */ = {isa = PBXFileReference; lastKnownFileType = sourcecode.swift; path = TokenS.swift; sourceTree = "<group>"; };
		4FB93789258A01C0006463E4 /* YShareApiProvider.swift */ = {isa = PBXFileReference; lastKnownFileType = sourcecode.swift; path = YShareApiProvider.swift; sourceTree = "<group>"; };
		4FB9378B258A030A006463E4 /* RequestLoadingPlugin.swift */ = {isa = PBXFileReference; lastKnownFileType = sourcecode.swift; path = RequestLoadingPlugin.swift; sourceTree = "<group>"; };
		4FB9378D258A134A006463E4 /* MusicData.swift */ = {isa = PBXFileReference; lastKnownFileType = sourcecode.swift; path = MusicData.swift; sourceTree = "<group>"; };
		4FB9378F258A1614006463E4 /* LandmarkRow.swift */ = {isa = PBXFileReference; lastKnownFileType = sourcecode.swift; path = LandmarkRow.swift; sourceTree = "<group>"; };
		4FB93791258A16E5006463E4 /* LandmarkList.swift */ = {isa = PBXFileReference; lastKnownFileType = sourcecode.swift; path = LandmarkList.swift; sourceTree = "<group>"; };
		4FB93793258A176C006463E4 /* MusicLoadManager.swift */ = {isa = PBXFileReference; lastKnownFileType = sourcecode.swift; path = MusicLoadManager.swift; sourceTree = "<group>"; };
		4FB93795258B3161006463E4 /* MusicDataStrc.swift */ = {isa = PBXFileReference; lastKnownFileType = sourcecode.swift; path = MusicDataStrc.swift; sourceTree = "<group>"; };
		4FB93797258B4AEC006463E4 /* LandmarkRowMu.swift */ = {isa = PBXFileReference; lastKnownFileType = sourcecode.swift; path = LandmarkRowMu.swift; sourceTree = "<group>"; };
		4FB9379A258B5E86006463E4 /* BaseResponse.swift */ = {isa = PBXFileReference; lastKnownFileType = sourcecode.swift; path = BaseResponse.swift; sourceTree = "<group>"; };
		4FB9379C258C57BE006463E4 /* MusicModelHandJ.swift */ = {isa = PBXFileReference; lastKnownFileType = sourcecode.swift; path = MusicModelHandJ.swift; sourceTree = "<group>"; };
		4FB9379E258C7DF7006463E4 /* NetRequest.swift */ = {isa = PBXFileReference; lastKnownFileType = sourcecode.swift; path = NetRequest.swift; sourceTree = "<group>"; };
		4FB937A0258C7ED7006463E4 /* LoginProvider.swift */ = {isa = PBXFileReference; lastKnownFileType = sourcecode.swift; path = LoginProvider.swift; sourceTree = "<group>"; };
		8C0937B0CBEE31D5A9A89889 /* Pods-NetworkTe.debug.xcconfig */ = {isa = PBXFileReference; includeInIndex = 1; lastKnownFileType = text.xcconfig; name = "Pods-NetworkTe.debug.xcconfig"; path = "Target Support Files/Pods-NetworkTe/Pods-NetworkTe.debug.xcconfig"; sourceTree = "<group>"; };
		A32962491120D2B1A884D792 /* Pods-NetworkTe-NetworkTeUITests.release.xcconfig */ = {isa = PBXFileReference; includeInIndex = 1; lastKnownFileType = text.xcconfig; name = "Pods-NetworkTe-NetworkTeUITests.release.xcconfig"; path = "Target Support Files/Pods-NetworkTe-NetworkTeUITests/Pods-NetworkTe-NetworkTeUITests.release.xcconfig"; sourceTree = "<group>"; };
		F4F64378757D11F500822261 /* Pods-NetworkTe-NetworkTeUITests.debug.xcconfig */ = {isa = PBXFileReference; includeInIndex = 1; lastKnownFileType = text.xcconfig; name = "Pods-NetworkTe-NetworkTeUITests.debug.xcconfig"; path = "Target Support Files/Pods-NetworkTe-NetworkTeUITests/Pods-NetworkTe-NetworkTeUITests.debug.xcconfig"; sourceTree = "<group>"; };
		F847D6197D93B97A32F28A90 /* Pods_NetworkTeTests.framework */ = {isa = PBXFileReference; explicitFileType = wrapper.framework; includeInIndex = 0; path = Pods_NetworkTeTests.framework; sourceTree = BUILT_PRODUCTS_DIR; };
		F9D78FF662C2CB80EBB9D29D /* Pods_NetworkTe_NetworkTeUITests.framework */ = {isa = PBXFileReference; explicitFileType = wrapper.framework; includeInIndex = 0; path = Pods_NetworkTe_NetworkTeUITests.framework; sourceTree = BUILT_PRODUCTS_DIR; };
/* End PBXFileReference section */

/* Begin PBXFrameworksBuildPhase section */
		4FB9374B25888765006463E4 /* Frameworks */ = {
			isa = PBXFrameworksBuildPhase;
			buildActionMask = 2147483647;
			files = (
				998D886A20F4AB90AEB8AD3F /* Pods_NetworkTe.framework in Frameworks */,
			);
			runOnlyForDeploymentPostprocessing = 0;
		};
		4FB9376125888767006463E4 /* Frameworks */ = {
			isa = PBXFrameworksBuildPhase;
			buildActionMask = 2147483647;
			files = (
				59CB498460A8065B3D71C548 /* Pods_NetworkTeTests.framework in Frameworks */,
			);
			runOnlyForDeploymentPostprocessing = 0;
		};
		4FB9376C25888767006463E4 /* Frameworks */ = {
			isa = PBXFrameworksBuildPhase;
			buildActionMask = 2147483647;
			files = (
				97B0E57DD34D48EF6023ECA7 /* Pods_NetworkTe_NetworkTeUITests.framework in Frameworks */,
			);
			runOnlyForDeploymentPostprocessing = 0;
		};
/* End PBXFrameworksBuildPhase section */

/* Begin PBXGroup section */
		4FB9374525888765006463E4 = {
			isa = PBXGroup;
			children = (
				4FB9375025888765006463E4 /* NetworkTe */,
				4FB9376725888767006463E4 /* NetworkTeTests */,
				4FB9377225888767006463E4 /* NetworkTeUITests */,
				4FB9374F25888765006463E4 /* Products */,
				DA2E5FF31D9F9667F2C68E09 /* Pods */,
				83741C4CB98318CB2404BBC9 /* Frameworks */,
			);
			sourceTree = "<group>";
		};
		4FB9374F25888765006463E4 /* Products */ = {
			isa = PBXGroup;
			children = (
				4FB9374E25888765006463E4 /* NetworkTe.app */,
				4FB9376425888767006463E4 /* NetworkTeTests.xctest */,
				4FB9376F25888767006463E4 /* NetworkTeUITests.xctest */,
			);
			name = Products;
			sourceTree = "<group>";
		};
		4FB9375025888765006463E4 /* NetworkTe */ = {
			isa = PBXGroup;
			children = (
				4FB93799258B5E77006463E4 /* base */,
				4FB9375125888765006463E4 /* AppDelegate.swift */,
				4FB9375325888765006463E4 /* SceneDelegate.swift */,
				4FB9375525888765006463E4 /* ContentView.swift */,
				4FB9375725888767006463E4 /* Assets.xcassets */,
				4FB9375C25888767006463E4 /* LaunchScreen.storyboard */,
				4FB9375F25888767006463E4 /* Info.plist */,
				4FB9375925888767006463E4 /* Preview Content */,
				4FB937812588C70D006463E4 /* DataT.swift */,
				4FB937832589DCF5006463E4 /* Network.swift */,
				4FB937852589E6A9006463E4 /* RequestAlertPlugin.swift */,
				4FB937872589FB99006463E4 /* TokenS.swift */,
				4FB93789258A01C0006463E4 /* YShareApiProvider.swift */,
				4FB9378B258A030A006463E4 /* RequestLoadingPlugin.swift */,
				4FB9378D258A134A006463E4 /* MusicData.swift */,
				4FB9378F258A1614006463E4 /* LandmarkRow.swift */,
				4FB93791258A16E5006463E4 /* LandmarkList.swift */,
				4FB93793258A176C006463E4 /* MusicLoadManager.swift */,
				4FB93795258B3161006463E4 /* MusicDataStrc.swift */,
				4FB93797258B4AEC006463E4 /* LandmarkRowMu.swift */,
				4FB9379E258C7DF7006463E4 /* NetRequest.swift */,
				4FB937A0258C7ED7006463E4 /* LoginProvider.swift */,
			);
			path = NetworkTe;
			sourceTree = "<group>";
		};
		4FB9375925888767006463E4 /* Preview Content */ = {
			isa = PBXGroup;
			children = (
				4FB9375A25888767006463E4 /* Preview Assets.xcassets */,
			);
			path = "Preview Content";
			sourceTree = "<group>";
		};
		4FB9376725888767006463E4 /* NetworkTeTests */ = {
			isa = PBXGroup;
			children = (
				4FB9376825888767006463E4 /* NetworkTeTests.swift */,
				4FB9376A25888767006463E4 /* Info.plist */,
			);
			path = NetworkTeTests;
			sourceTree = "<group>";
		};
		4FB9377225888767006463E4 /* NetworkTeUITests */ = {
			isa = PBXGroup;
			children = (
				4FB9377325888767006463E4 /* NetworkTeUITests.swift */,
				4FB9377525888767006463E4 /* Info.plist */,
			);
			path = NetworkTeUITests;
			sourceTree = "<group>";
		};
		4FB93799258B5E77006463E4 /* base */ = {
			isa = PBXGroup;
			children = (
				4FB9379A258B5E86006463E4 /* BaseResponse.swift */,
				4FB9379C258C57BE006463E4 /* MusicModelHandJ.swift */,
			);
			path = base;
			sourceTree = "<group>";
		};
		83741C4CB98318CB2404BBC9 /* Frameworks */ = {
			isa = PBXGroup;
			children = (
				36F23F0C643F7893DDE3DE57 /* Pods_NetworkTe.framework */,
				F9D78FF662C2CB80EBB9D29D /* Pods_NetworkTe_NetworkTeUITests.framework */,
				F847D6197D93B97A32F28A90 /* Pods_NetworkTeTests.framework */,
			);
			name = Frameworks;
			sourceTree = "<group>";
		};
		DA2E5FF31D9F9667F2C68E09 /* Pods */ = {
			isa = PBXGroup;
			children = (
				8C0937B0CBEE31D5A9A89889 /* Pods-NetworkTe.debug.xcconfig */,
				43EE78E8B336F8184973B6F6 /* Pods-NetworkTe.release.xcconfig */,
				F4F64378757D11F500822261 /* Pods-NetworkTe-NetworkTeUITests.debug.xcconfig */,
				A32962491120D2B1A884D792 /* Pods-NetworkTe-NetworkTeUITests.release.xcconfig */,
				03BE0E8942CB81FDC506EC24 /* Pods-NetworkTeTests.debug.xcconfig */,
				26B8661EE8DF4EF29ECF06D6 /* Pods-NetworkTeTests.release.xcconfig */,
			);
			path = Pods;
			sourceTree = "<group>";
		};
/* End PBXGroup section */

/* Begin PBXNativeTarget section */
		4FB9374D25888765006463E4 /* NetworkTe */ = {
			isa = PBXNativeTarget;
			buildConfigurationList = 4FB9377825888767006463E4 /* Build configuration list for PBXNativeTarget "NetworkTe" */;
			buildPhases = (
				BA2D4E368BE6B1743A381121 /* [CP] Check Pods Manifest.lock */,
				4FB9374A25888765006463E4 /* Sources */,
				4FB9374B25888765006463E4 /* Frameworks */,
				4FB9374C25888765006463E4 /* Resources */,
				ADB7E9213BF01A88CCC212F9 /* [CP] Embed Pods Frameworks */,
			);
			buildRules = (
			);
			dependencies = (
			);
			name = NetworkTe;
			productName = NetworkTe;
			productReference = 4FB9374E25888765006463E4 /* NetworkTe.app */;
			productType = "com.apple.product-type.application";
		};
		4FB9376325888767006463E4 /* NetworkTeTests */ = {
			isa = PBXNativeTarget;
			buildConfigurationList = 4FB9377B25888767006463E4 /* Build configuration list for PBXNativeTarget "NetworkTeTests" */;
			buildPhases = (
				B99744F428AFA7CF54F7B807 /* [CP] Check Pods Manifest.lock */,
				4FB9376025888767006463E4 /* Sources */,
				4FB9376125888767006463E4 /* Frameworks */,
				4FB9376225888767006463E4 /* Resources */,
			);
			buildRules = (
			);
			dependencies = (
				4FB9376625888767006463E4 /* PBXTargetDependency */,
			);
			name = NetworkTeTests;
			productName = NetworkTeTests;
			productReference = 4FB9376425888767006463E4 /* NetworkTeTests.xctest */;
			productType = "com.apple.product-type.bundle.unit-test";
		};
		4FB9376E25888767006463E4 /* NetworkTeUITests */ = {
			isa = PBXNativeTarget;
			buildConfigurationList = 4FB9377E25888767006463E4 /* Build configuration list for PBXNativeTarget "NetworkTeUITests" */;
			buildPhases = (
				D93B78384845404B22126398 /* [CP] Check Pods Manifest.lock */,
				4FB9376B25888767006463E4 /* Sources */,
				4FB9376C25888767006463E4 /* Frameworks */,
				4FB9376D25888767006463E4 /* Resources */,
				CDD57A107CDB0940DD570536 /* [CP] Embed Pods Frameworks */,
			);
			buildRules = (
			);
			dependencies = (
				4FB9377125888767006463E4 /* PBXTargetDependency */,
			);
			name = NetworkTeUITests;
			productName = NetworkTeUITests;
			productReference = 4FB9376F25888767006463E4 /* NetworkTeUITests.xctest */;
			productType = "com.apple.product-type.bundle.ui-testing";
		};
/* End PBXNativeTarget section */

/* Begin PBXProject section */
		4FB9374625888765006463E4 /* Project object */ = {
			isa = PBXProject;
			attributes = {
				LastSwiftUpdateCheck = 1170;
				LastUpgradeCheck = 1170;
				ORGANIZATIONNAME = ElliottTest;
				TargetAttributes = {
					4FB9374D25888765006463E4 = {
						CreatedOnToolsVersion = 11.7;
					};
					4FB9376325888767006463E4 = {
						CreatedOnToolsVersion = 11.7;
						TestTargetID = 4FB9374D25888765006463E4;
					};
					4FB9376E25888767006463E4 = {
						CreatedOnToolsVersion = 11.7;
						TestTargetID = 4FB9374D25888765006463E4;
					};
				};
			};
			buildConfigurationList = 4FB9374925888765006463E4 /* Build configuration list for PBXProject "NetworkTe" */;
			compatibilityVersion = "Xcode 9.3";
			developmentRegion = en;
			hasScannedForEncodings = 0;
			knownRegions = (
				en,
				Base,
			);
			mainGroup = 4FB9374525888765006463E4;
			productRefGroup = 4FB9374F25888765006463E4 /* Products */;
			projectDirPath = "";
			projectRoot = "";
			targets = (
				4FB9374D25888765006463E4 /* NetworkTe */,
				4FB9376325888767006463E4 /* NetworkTeTests */,
				4FB9376E25888767006463E4 /* NetworkTeUITests */,
			);
		};
/* End PBXProject section */

/* Begin PBXResourcesBuildPhase section */
		4FB9374C25888765006463E4 /* Resources */ = {
			isa = PBXResourcesBuildPhase;
			buildActionMask = 2147483647;
			files = (
				4FB9375E25888767006463E4 /* LaunchScreen.storyboard in Resources */,
				4FB9375B25888767006463E4 /* Preview Assets.xcassets in Resources */,
				4FB9375825888767006463E4 /* Assets.xcassets in Resources */,
			);
			runOnlyForDeploymentPostprocessing = 0;
		};
		4FB9376225888767006463E4 /* Resources */ = {
			isa = PBXResourcesBuildPhase;
			buildActionMask = 2147483647;
			files = (
			);
			runOnlyForDeploymentPostprocessing = 0;
		};
		4FB9376D25888767006463E4 /* Resources */ = {
			isa = PBXResourcesBuildPhase;
			buildActionMask = 2147483647;
			files = (
			);
			runOnlyForDeploymentPostprocessing = 0;
		};
/* End PBXResourcesBuildPhase section */

/* Begin PBXShellScriptBuildPhase section */
		ADB7E9213BF01A88CCC212F9 /* [CP] Embed Pods Frameworks */ = {
			isa = PBXShellScriptBuildPhase;
			buildActionMask = 2147483647;
			files = (
			);
			inputFileListPaths = (
				"${PODS_ROOT}/Target Support Files/Pods-NetworkTe/Pods-NetworkTe-frameworks-${CONFIGURATION}-input-files.xcfilelist",
			);
			name = "[CP] Embed Pods Frameworks";
			outputFileListPaths = (
				"${PODS_ROOT}/Target Support Files/Pods-NetworkTe/Pods-NetworkTe-frameworks-${CONFIGURATION}-output-files.xcfilelist",
			);
			runOnlyForDeploymentPostprocessing = 0;
			shellPath = /bin/sh;
			shellScript = "\"${PODS_ROOT}/Target Support Files/Pods-NetworkTe/Pods-NetworkTe-frameworks.sh\"\n";
			showEnvVarsInLog = 0;
		};
		B99744F428AFA7CF54F7B807 /* [CP] Check Pods Manifest.lock */ = {
			isa = PBXShellScriptBuildPhase;
			buildActionMask = 2147483647;
			files = (
			);
			inputFileListPaths = (
			);
			inputPaths = (
				"${PODS_PODFILE_DIR_PATH}/Podfile.lock",
				"${PODS_ROOT}/Manifest.lock",
			);
			name = "[CP] Check Pods Manifest.lock";
			outputFileListPaths = (
			);
			outputPaths = (
				"$(DERIVED_FILE_DIR)/Pods-NetworkTeTests-checkManifestLockResult.txt",
			);
			runOnlyForDeploymentPostprocessing = 0;
			shellPath = /bin/sh;
			shellScript = "diff \"${PODS_PODFILE_DIR_PATH}/Podfile.lock\" \"${PODS_ROOT}/Manifest.lock\" > /dev/null\nif [ $? != 0 ] ; then\n    # print error to STDERR\n    echo \"error: The sandbox is not in sync with the Podfile.lock. Run 'pod install' or update your CocoaPods installation.\" >&2\n    exit 1\nfi\n# This output is used by Xcode 'outputs' to avoid re-running this script phase.\necho \"SUCCESS\" > \"${SCRIPT_OUTPUT_FILE_0}\"\n";
			showEnvVarsInLog = 0;
		};
		BA2D4E368BE6B1743A381121 /* [CP] Check Pods Manifest.lock */ = {
			isa = PBXShellScriptBuildPhase;
			buildActionMask = 2147483647;
			files = (
			);
			inputFileListPaths = (
			);
			inputPaths = (
				"${PODS_PODFILE_DIR_PATH}/Podfile.lock",
				"${PODS_ROOT}/Manifest.lock",
			);
			name = "[CP] Check Pods Manifest.lock";
			outputFileListPaths = (
			);
			outputPaths = (
				"$(DERIVED_FILE_DIR)/Pods-NetworkTe-checkManifestLockResult.txt",
			);
			runOnlyForDeploymentPostprocessing = 0;
			shellPath = /bin/sh;
			shellScript = "diff \"${PODS_PODFILE_DIR_PATH}/Podfile.lock\" \"${PODS_ROOT}/Manifest.lock\" > /dev/null\nif [ $? != 0 ] ; then\n    # print error to STDERR\n    echo \"error: The sandbox is not in sync with the Podfile.lock. Run 'pod install' or update your CocoaPods installation.\" >&2\n    exit 1\nfi\n# This output is used by Xcode 'outputs' to avoid re-running this script phase.\necho \"SUCCESS\" > \"${SCRIPT_OUTPUT_FILE_0}\"\n";
			showEnvVarsInLog = 0;
		};
		CDD57A107CDB0940DD570536 /* [CP] Embed Pods Frameworks */ = {
			isa = PBXShellScriptBuildPhase;
			buildActionMask = 2147483647;
			files = (
			);
			inputFileListPaths = (
				"${PODS_ROOT}/Target Support Files/Pods-NetworkTe-NetworkTeUITests/Pods-NetworkTe-NetworkTeUITests-frameworks-${CONFIGURATION}-input-files.xcfilelist",
			);
			name = "[CP] Embed Pods Frameworks";
			outputFileListPaths = (
				"${PODS_ROOT}/Target Support Files/Pods-NetworkTe-NetworkTeUITests/Pods-NetworkTe-NetworkTeUITests-frameworks-${CONFIGURATION}-output-files.xcfilelist",
			);
			runOnlyForDeploymentPostprocessing = 0;
			shellPath = /bin/sh;
			shellScript = "\"${PODS_ROOT}/Target Support Files/Pods-NetworkTe-NetworkTeUITests/Pods-NetworkTe-NetworkTeUITests-frameworks.sh\"\n";
			showEnvVarsInLog = 0;
		};
		D93B78384845404B22126398 /* [CP] Check Pods Manifest.lock */ = {
			isa = PBXShellScriptBuildPhase;
			buildActionMask = 2147483647;
			files = (
			);
			inputFileListPaths = (
			);
			inputPaths = (
				"${PODS_PODFILE_DIR_PATH}/Podfile.lock",
				"${PODS_ROOT}/Manifest.lock",
			);
			name = "[CP] Check Pods Manifest.lock";
			outputFileListPaths = (
			);
			outputPaths = (
				"$(DERIVED_FILE_DIR)/Pods-NetworkTe-NetworkTeUITests-checkManifestLockResult.txt",
			);
			runOnlyForDeploymentPostprocessing = 0;
			shellPath = /bin/sh;
			shellScript = "diff \"${PODS_PODFILE_DIR_PATH}/Podfile.lock\" \"${PODS_ROOT}/Manifest.lock\" > /dev/null\nif [ $? != 0 ] ; then\n    # print error to STDERR\n    echo \"error: The sandbox is not in sync with the Podfile.lock. Run 'pod install' or update your CocoaPods installation.\" >&2\n    exit 1\nfi\n# This output is used by Xcode 'outputs' to avoid re-running this script phase.\necho \"SUCCESS\" > \"${SCRIPT_OUTPUT_FILE_0}\"\n";
			showEnvVarsInLog = 0;
		};
/* End PBXShellScriptBuildPhase section */

/* Begin PBXSourcesBuildPhase section */
		4FB9374A25888765006463E4 /* Sources */ = {
			isa = PBXSourcesBuildPhase;
			buildActionMask = 2147483647;
			files = (
				4FB937A1258C7ED7006463E4 /* LoginProvider.swift in Sources */,
				4FB937882589FB99006463E4 /* TokenS.swift in Sources */,
				4FB9378C258A030A006463E4 /* RequestLoadingPlugin.swift in Sources */,
				4FB9379D258C57BE006463E4 /* MusicModelHandJ.swift in Sources */,
				4FB937842589DCF5006463E4 /* Network.swift in Sources */,
				4FB937822588C70D006463E4 /* DataT.swift in Sources */,
				4FB9378A258A01C0006463E4 /* YShareApiProvider.swift in Sources */,
				4FB93796258B3161006463E4 /* MusicDataStrc.swift in Sources */,
				4FB9378E258A134A006463E4 /* MusicData.swift in Sources */,
				4FB9379B258B5E86006463E4 /* BaseResponse.swift in Sources */,
				4FB9375225888765006463E4 /* AppDelegate.swift in Sources */,
				4FB93792258A16E5006463E4 /* LandmarkList.swift in Sources */,
				4FB9375425888765006463E4 /* SceneDelegate.swift in Sources */,
				4FB93790258A1614006463E4 /* LandmarkRow.swift in Sources */,
				4FB93794258A176C006463E4 /* MusicLoadManager.swift in Sources */,
				4FB9375625888765006463E4 /* ContentView.swift in Sources */,
				4FB937862589E6A9006463E4 /* RequestAlertPlugin.swift in Sources */,
				4FB93798258B4AEC006463E4 /* LandmarkRowMu.swift in Sources */,
				4FB9379F258C7DF7006463E4 /* NetRequest.swift in Sources */,
			);
			runOnlyForDeploymentPostprocessing = 0;
		};
		4FB9376025888767006463E4 /* Sources */ = {
			isa = PBXSourcesBuildPhase;
			buildActionMask = 2147483647;
			files = (
				4FB9376925888767006463E4 /* NetworkTeTests.swift in Sources */,
			);
			runOnlyForDeploymentPostprocessing = 0;
		};
		4FB9376B25888767006463E4 /* Sources */ = {
			isa = PBXSourcesBuildPhase;
			buildActionMask = 2147483647;
			files = (
				4FB9377425888767006463E4 /* NetworkTeUITests.swift in Sources */,
			);
			runOnlyForDeploymentPostprocessing = 0;
		};
/* End PBXSourcesBuildPhase section */

/* Begin PBXTargetDependency section */
		4FB9376625888767006463E4 /* PBXTargetDependency */ = {
			isa = PBXTargetDependency;
			target = 4FB9374D25888765006463E4 /* NetworkTe */;
			targetProxy = 4FB9376525888767006463E4 /* PBXContainerItemProxy */;
		};
		4FB9377125888767006463E4 /* PBXTargetDependency */ = {
			isa = PBXTargetDependency;
			target = 4FB9374D25888765006463E4 /* NetworkTe */;
			targetProxy = 4FB9377025888767006463E4 /* PBXContainerItemProxy */;
		};
/* End PBXTargetDependency section */

/* Begin PBXVariantGroup section */
		4FB9375C25888767006463E4 /* LaunchScreen.storyboard */ = {
			isa = PBXVariantGroup;
			children = (
				4FB9375D25888767006463E4 /* Base */,
			);
			name = LaunchScreen.storyboard;
			sourceTree = "<group>";
		};
/* End PBXVariantGroup section */

/* Begin XCBuildConfiguration section */
		4FB9377625888767006463E4 /* Debug */ = {
			isa = XCBuildConfiguration;
			buildSettings = {
				ALWAYS_SEARCH_USER_PATHS = NO;
				CLANG_ANALYZER_NONNULL = YES;
				CLANG_ANALYZER_NUMBER_OBJECT_CONVERSION = YES_AGGRESSIVE;
				CLANG_CXX_LANGUAGE_STANDARD = "gnu++14";
				CLANG_CXX_LIBRARY = "libc++";
				CLANG_ENABLE_MODULES = YES;
				CLANG_ENABLE_OBJC_ARC = YES;
				CLANG_ENABLE_OBJC_WEAK = YES;
				CLANG_WARN_BLOCK_CAPTURE_AUTORELEASING = YES;
				CLANG_WARN_BOOL_CONVERSION = YES;
				CLANG_WARN_COMMA = YES;
				CLANG_WARN_CONSTANT_CONVERSION = YES;
				CLANG_WARN_DEPRECATED_OBJC_IMPLEMENTATIONS = YES;
				CLANG_WARN_DIRECT_OBJC_ISA_USAGE = YES_ERROR;
				CLANG_WARN_DOCUMENTATION_COMMENTS = YES;
				CLANG_WARN_EMPTY_BODY = YES;
				CLANG_WARN_ENUM_CONVERSION = YES;
				CLANG_WARN_INFINITE_RECURSION = YES;
				CLANG_WARN_INT_CONVERSION = YES;
				CLANG_WARN_NON_LITERAL_NULL_CONVERSION = YES;
				CLANG_WARN_OBJC_IMPLICIT_RETAIN_SELF = YES;
				CLANG_WARN_OBJC_LITERAL_CONVERSION = YES;
				CLANG_WARN_OBJC_ROOT_CLASS = YES_ERROR;
				CLANG_WARN_RANGE_LOOP_ANALYSIS = YES;
				CLANG_WARN_STRICT_PROTOTYPES = YES;
				CLANG_WARN_SUSPICIOUS_MOVE = YES;
				CLANG_WARN_UNGUARDED_AVAILABILITY = YES_AGGRESSIVE;
				CLANG_WARN_UNREACHABLE_CODE = YES;
				CLANG_WARN__DUPLICATE_METHOD_MATCH = YES;
				COPY_PHASE_STRIP = NO;
				DEBUG_INFORMATION_FORMAT = dwarf;
				ENABLE_STRICT_OBJC_MSGSEND = YES;
				ENABLE_TESTABILITY = YES;
				GCC_C_LANGUAGE_STANDARD = gnu11;
				GCC_DYNAMIC_NO_PIC = NO;
				GCC_NO_COMMON_BLOCKS = YES;
				GCC_OPTIMIZATION_LEVEL = 0;
				GCC_PREPROCESSOR_DEFINITIONS = (
					"DEBUG=1",
					"$(inherited)",
				);
				GCC_WARN_64_TO_32_BIT_CONVERSION = YES;
				GCC_WARN_ABOUT_RETURN_TYPE = YES_ERROR;
				GCC_WARN_UNDECLARED_SELECTOR = YES;
				GCC_WARN_UNINITIALIZED_AUTOS = YES_AGGRESSIVE;
				GCC_WARN_UNUSED_FUNCTION = YES;
				GCC_WARN_UNUSED_VARIABLE = YES;
				IPHONEOS_DEPLOYMENT_TARGET = 13.7;
				MTL_ENABLE_DEBUG_INFO = INCLUDE_SOURCE;
				MTL_FAST_MATH = YES;
				ONLY_ACTIVE_ARCH = YES;
				SDKROOT = iphoneos;
				SWIFT_ACTIVE_COMPILATION_CONDITIONS = DEBUG;
				SWIFT_OPTIMIZATION_LEVEL = "-Onone";
			};
			name = Debug;
		};
		4FB9377725888767006463E4 /* Release */ = {
			isa = XCBuildConfiguration;
			buildSettings = {
				ALWAYS_SEARCH_USER_PATHS = NO;
				CLANG_ANALYZER_NONNULL = YES;
				CLANG_ANALYZER_NUMBER_OBJECT_CONVERSION = YES_AGGRESSIVE;
				CLANG_CXX_LANGUAGE_STANDARD = "gnu++14";
				CLANG_CXX_LIBRARY = "libc++";
				CLANG_ENABLE_MODULES = YES;
				CLANG_ENABLE_OBJC_ARC = YES;
				CLANG_ENABLE_OBJC_WEAK = YES;
				CLANG_WARN_BLOCK_CAPTURE_AUTORELEASING = YES;
				CLANG_WARN_BOOL_CONVERSION = YES;
				CLANG_WARN_COMMA = YES;
				CLANG_WARN_CONSTANT_CONVERSION = YES;
				CLANG_WARN_DEPRECATED_OBJC_IMPLEMENTATIONS = YES;
				CLANG_WARN_DIRECT_OBJC_ISA_USAGE = YES_ERROR;
				CLANG_WARN_DOCUMENTATION_COMMENTS = YES;
				CLANG_WARN_EMPTY_BODY = YES;
				CLANG_WARN_ENUM_CONVERSION = YES;
				CLANG_WARN_INFINITE_RECURSION = YES;
				CLANG_WARN_INT_CONVERSION = YES;
				CLANG_WARN_NON_LITERAL_NULL_CONVERSION = YES;
				CLANG_WARN_OBJC_IMPLICIT_RETAIN_SELF = YES;
				CLANG_WARN_OBJC_LITERAL_CONVERSION = YES;
				CLANG_WARN_OBJC_ROOT_CLASS = YES_ERROR;
				CLANG_WARN_RANGE_LOOP_ANALYSIS = YES;
				CLANG_WARN_STRICT_PROTOTYPES = YES;
				CLANG_WARN_SUSPICIOUS_MOVE = YES;
				CLANG_WARN_UNGUARDED_AVAILABILITY = YES_AGGRESSIVE;
				CLANG_WARN_UNREACHABLE_CODE = YES;
				CLANG_WARN__DUPLICATE_METHOD_MATCH = YES;
				COPY_PHASE_STRIP = NO;
				DEBUG_INFORMATION_FORMAT = "dwarf-with-dsym";
				ENABLE_NS_ASSERTIONS = NO;
				ENABLE_STRICT_OBJC_MSGSEND = YES;
				GCC_C_LANGUAGE_STANDARD = gnu11;
				GCC_NO_COMMON_BLOCKS = YES;
				GCC_WARN_64_TO_32_BIT_CONVERSION = YES;
				GCC_WARN_ABOUT_RETURN_TYPE = YES_ERROR;
				GCC_WARN_UNDECLARED_SELECTOR = YES;
				GCC_WARN_UNINITIALIZED_AUTOS = YES_AGGRESSIVE;
				GCC_WARN_UNUSED_FUNCTION = YES;
				GCC_WARN_UNUSED_VARIABLE = YES;
				IPHONEOS_DEPLOYMENT_TARGET = 13.7;
				MTL_ENABLE_DEBUG_INFO = NO;
				MTL_FAST_MATH = YES;
				SDKROOT = iphoneos;
				SWIFT_COMPILATION_MODE = wholemodule;
				SWIFT_OPTIMIZATION_LEVEL = "-O";
				VALIDATE_PRODUCT = YES;
			};
			name = Release;
		};
		4FB9377925888767006463E4 /* Debug */ = {
			isa = XCBuildConfiguration;
			baseConfigurationReference = 8C0937B0CBEE31D5A9A89889 /* Pods-NetworkTe.debug.xcconfig */;
			buildSettings = {
				ASSETCATALOG_COMPILER_APPICON_NAME = AppIcon;
				CODE_SIGN_STYLE = Automatic;
				DEVELOPMENT_ASSET_PATHS = "\"NetworkTe/Preview Content\"";
				ENABLE_PREVIEWS = YES;
				INFOPLIST_FILE = NetworkTe/Info.plist;
				LD_RUNPATH_SEARCH_PATHS = (
					"$(inherited)",
					"@executable_path/Frameworks",
				);
				PRODUCT_BUNDLE_IDENTIFIER = com.iosTest.NetworkTe;
				PRODUCT_NAME = "$(TARGET_NAME)";
				SWIFT_VERSION = 5.0;
				TARGETED_DEVICE_FAMILY = "1,2";
			};
			name = Debug;
		};
		4FB9377A25888767006463E4 /* Release */ = {
			isa = XCBuildConfiguration;
			baseConfigurationReference = 43EE78E8B336F8184973B6F6 /* Pods-NetworkTe.release.xcconfig */;
			buildSettings = {
				ASSETCATALOG_COMPILER_APPICON_NAME = AppIcon;
				CODE_SIGN_STYLE = Automatic;
				DEVELOPMENT_ASSET_PATHS = "\"NetworkTe/Preview Content\"";
				ENABLE_PREVIEWS = YES;
				INFOPLIST_FILE = NetworkTe/Info.plist;
				LD_RUNPATH_SEARCH_PATHS = (
					"$(inherited)",
					"@executable_path/Frameworks",
				);
				PRODUCT_BUNDLE_IDENTIFIER = com.iosTest.NetworkTe;
				PRODUCT_NAME = "$(TARGET_NAME)";
				SWIFT_VERSION = 5.0;
				TARGETED_DEVICE_FAMILY = "1,2";
			};
			name = Release;
		};
		4FB9377C25888767006463E4 /* Debug */ = {
			isa = XCBuildConfiguration;
			baseConfigurationReference = 03BE0E8942CB81FDC506EC24 /* Pods-NetworkTeTests.debug.xcconfig */;
			buildSettings = {
				ALWAYS_EMBED_SWIFT_STANDARD_LIBRARIES = YES;
				BUNDLE_LOADER = "$(TEST_HOST)";
				CODE_SIGN_STYLE = Automatic;
				INFOPLIST_FILE = NetworkTeTests/Info.plist;
				IPHONEOS_DEPLOYMENT_TARGET = 13.7;
				LD_RUNPATH_SEARCH_PATHS = (
					"$(inherited)",
					"@executable_path/Frameworks",
					"@loader_path/Frameworks",
				);
				PRODUCT_BUNDLE_IDENTIFIER = com.iosTest.NetworkTeTests;
				PRODUCT_NAME = "$(TARGET_NAME)";
				SWIFT_VERSION = 5.0;
				TARGETED_DEVICE_FAMILY = "1,2";
				TEST_HOST = "$(BUILT_PRODUCTS_DIR)/NetworkTe.app/NetworkTe";
			};
			name = Debug;
		};
		4FB9377D25888767006463E4 /* Release */ = {
			isa = XCBuildConfiguration;
			baseConfigurationReference = 26B8661EE8DF4EF29ECF06D6 /* Pods-NetworkTeTests.release.xcconfig */;
			buildSettings = {
				ALWAYS_EMBED_SWIFT_STANDARD_LIBRARIES = YES;
				BUNDLE_LOADER = "$(TEST_HOST)";
				CODE_SIGN_STYLE = Automatic;
				INFOPLIST_FILE = NetworkTeTests/Info.plist;
				IPHONEOS_DEPLOYMENT_TARGET = 13.7;
				LD_RUNPATH_SEARCH_PATHS = (
					"$(inherited)",
					"@executable_path/Frameworks",
					"@loader_path/Frameworks",
				);
				PRODUCT_BUNDLE_IDENTIFIER = com.iosTest.NetworkTeTests;
				PRODUCT_NAME = "$(TARGET_NAME)";
				SWIFT_VERSION = 5.0;
				TARGETED_DEVICE_FAMILY = "1,2";
				TEST_HOST = "$(BUILT_PRODUCTS_DIR)/NetworkTe.app/NetworkTe";
			};
			name = Release;
		};
		4FB9377F25888767006463E4 /* Debug */ = {
			isa = XCBuildConfiguration;
			baseConfigurationReference = F4F64378757D11F500822261 /* Pods-NetworkTe-NetworkTeUITests.debug.xcconfig */;
			buildSettings = {
				ALWAYS_EMBED_SWIFT_STANDARD_LIBRARIES = YES;
				CODE_SIGN_STYLE = Automatic;
				INFOPLIST_FILE = NetworkTeUITests/Info.plist;
				LD_RUNPATH_SEARCH_PATHS = (
					"$(inherited)",
					"@executable_path/Frameworks",
					"@loader_path/Frameworks",
				);
				PRODUCT_BUNDLE_IDENTIFIER = com.iosTest.NetworkTeUITests;
				PRODUCT_NAME = "$(TARGET_NAME)";
				SWIFT_VERSION = 5.0;
				TARGETED_DEVICE_FAMILY = "1,2";
				TEST_TARGET_NAME = NetworkTe;
			};
			name = Debug;
		};
		4FB9378025888767006463E4 /* Release */ = {
			isa = XCBuildConfiguration;
			baseConfigurationReference = A32962491120D2B1A884D792 /* Pods-NetworkTe-NetworkTeUITests.release.xcconfig */;
			buildSettings = {
				ALWAYS_EMBED_SWIFT_STANDARD_LIBRARIES = YES;
				CODE_SIGN_STYLE = Automatic;
				INFOPLIST_FILE = NetworkTeUITests/Info.plist;
				LD_RUNPATH_SEARCH_PATHS = (
					"$(inherited)",
					"@executable_path/Frameworks",
					"@loader_path/Frameworks",
				);
				PRODUCT_BUNDLE_IDENTIFIER = com.iosTest.NetworkTeUITests;
				PRODUCT_NAME = "$(TARGET_NAME)";
				SWIFT_VERSION = 5.0;
				TARGETED_DEVICE_FAMILY = "1,2";
				TEST_TARGET_NAME = NetworkTe;
			};
			name = Release;
		};
/* End XCBuildConfiguration section */

/* Begin XCConfigurationList section */
		4FB9374925888765006463E4 /* Build configuration list for PBXProject "NetworkTe" */ = {
			isa = XCConfigurationList;
			buildConfigurations = (
				4FB9377625888767006463E4 /* Debug */,
				4FB9377725888767006463E4 /* Release */,
			);
			defaultConfigurationIsVisible = 0;
			defaultConfigurationName = Release;
		};
		4FB9377825888767006463E4 /* Build configuration list for PBXNativeTarget "NetworkTe" */ = {
			isa = XCConfigurationList;
			buildConfigurations = (
				4FB9377925888767006463E4 /* Debug */,
				4FB9377A25888767006463E4 /* Release */,
			);
			defaultConfigurationIsVisible = 0;
			defaultConfigurationName = Release;
		};
		4FB9377B25888767006463E4 /* Build configuration list for PBXNativeTarget "NetworkTeTests" */ = {
			isa = XCConfigurationList;
			buildConfigurations = (
				4FB9377C25888767006463E4 /* Debug */,
				4FB9377D25888767006463E4 /* Release */,
			);
			defaultConfigurationIsVisible = 0;
			defaultConfigurationName = Release;
		};
		4FB9377E25888767006463E4 /* Build configuration list for PBXNativeTarget "NetworkTeUITests" */ = {
			isa = XCConfigurationList;
			buildConfigurations = (
				4FB9377F25888767006463E4 /* Debug */,
				4FB9378025888767006463E4 /* Release */,
			);
			defaultConfigurationIsVisible = 0;
			defaultConfigurationName = Release;
		};
/* End XCConfigurationList section */
	};
	rootObject = 4FB9374625888765006463E4 /* Project object */;
}
